
Microsoft Visual Studio Solution File, Format Version 12.00
# Visual Studio Version 17
VisualStudioVersion = 17.1.32319.34
MinimumVisualStudioVersion = 10.0.40219.1
Project("{FAE04EC0-301F-11D3-BF4B-00C04F79EFBC}") = "InMemory.Caching", "InMemory.Caching\InMemory.Caching.csproj", "{D2417AD4-423C-41E5-BB49-BD7A21277018}"
EndProject
Project("{FAE04EC0-301F-11D3-BF4B-00C04F79EFBC}") = "Distributed.Caching", "Distributed.Caching\Distributed.Caching.csproj", "{0D89864A-44CE-4D1F-8C8A-BFF3A39E841F}"
EndProject
Global
	GlobalSection(SolutionConfigurationPlatforms) = preSolution
		Debug|Any CPU = Debug|Any CPU
		Release|Any CPU = Release|Any CPU
	EndGlobalSection
	GlobalSection(ProjectConfigurationPlatforms) = postSolution
		{D2417AD4-423C-41E5-BB49-BD7A21277018}.Debug|Any CPU.ActiveCfg = Debug|Any CPU
		{D2417AD4-423C-41E5-BB49-BD7A21277018}.Debug|Any CPU.Build.0 = Debug|Any CPU
		{D2417AD4-423C-41E5-BB49-BD7A21277018}.Release|Any CPU.ActiveCfg = Release|Any CPU
		{D2417AD4-423C-41E5-BB49-BD7A21277018}.Release|Any CPU.Build.0 = Release|Any CPU
		{0D89864A-44CE-4D1F-8C8A-BFF3A39E841F}.Debug|Any CPU.ActiveCfg = Debug|Any CPU
		{0D89864A-44CE-4D1F-8C8A-BFF3A39E841F}.Debug|Any CPU.Build.0 = Debug|Any CPU
		{0D89864A-44CE-4D1F-8C8A-BFF3A39E841F}.Release|Any CPU.ActiveCfg = Release|Any CPU
		{0D89864A-44CE-4D1F-8C8A-BFF3A39E841F}.Release|Any CPU.Build.0 = Release|Any CPU
	EndGlobalSection
	GlobalSection(SolutionProperties) = preSolution
		HideSolutionNode = FALSE
	EndGlobalSection
	GlobalSection(ExtensibilityGlobals) = postSolution
		SolutionGuid = {A05F0E92-4F80-4CD8-BC14-B7CA40538C8B}
	EndGlobalSection
EndGlobal
