
Microsoft Visual Studio Solution File, Format Version 12.00
# Visual Studio Version 17
VisualStudioVersion = 17.1.32319.34
MinimumVisualStudioVersion = 10.0.40219.1
Project("{9A19103F-16F7-4668-BE54-9A1E7A4F7556}") = "InMemory.Caching", "InMemory.Caching\InMemory.Caching.csproj", "{D2417AD4-423C-41E5-BB49-BD7A21277018}"
EndProject
Project("{9A19103F-16F7-4668-BE54-9A1E7A4F7556}") = "Distributed.Caching", "Distributed.Caching\Distributed.Caching.csproj", "{0D89864A-44CE-4D1F-8C8A-BFF3A39E841F}"
EndProject
Project("{9A19103F-16F7-4668-BE54-9A1E7A4F7556}") = "Redis.Pub.Sub.Publisher.Example", "Redis.Pub.Sub.Example\Redis.Pub.Sub.Publisher.Example.csproj", "{34F60CF4-1A39-41C4-92C8-B51AB4920741}"
EndProject
Project("{9A19103F-16F7-4668-BE54-9A1E7A4F7556}") = "Redis.Pub.Sub.Subscriber.Example", "Redis.Pub.Sub.Subscriber.Example\Redis.Pub.Sub.Subscriber.Example.csproj", "{3E23AB3C-5024-4CE1-BAA5-7D94DCEEC062}"
EndProject
Project("{FAE04EC0-301F-11D3-BF4B-00C04F79EFBC}") = "Redis.Sentinel", "Redis.Sentinel\Redis.Sentinel.csproj", "{C4073C16-5177-4DCE-A356-0A5AF946E3E8}"
EndProject
Global
	GlobalSection(SolutionConfigurationPlatforms) = preSolution
		Debug|Any CPU = Debug|Any CPU
		Release|Any CPU = Release|Any CPU
	EndGlobalSection
	GlobalSection(ProjectConfigurationPlatforms) = postSolution
		{D2417AD4-423C-41E5-BB49-BD7A21277018}.Debug|Any CPU.ActiveCfg = Debug|Any CPU
		{D2417AD4-423C-41E5-BB49-BD7A21277018}.Debug|Any CPU.Build.0 = Debug|Any CPU
		{D2417AD4-423C-41E5-BB49-BD7A21277018}.Release|Any CPU.ActiveCfg = Release|Any CPU
		{D2417AD4-423C-41E5-BB49-BD7A21277018}.Release|Any CPU.Build.0 = Release|Any CPU
		{0D89864A-44CE-4D1F-8C8A-BFF3A39E841F}.Debug|Any CPU.ActiveCfg = Debug|Any CPU
		{0D89864A-44CE-4D1F-8C8A-BFF3A39E841F}.Debug|Any CPU.Build.0 = Debug|Any CPU
		{0D89864A-44CE-4D1F-8C8A-BFF3A39E841F}.Release|Any CPU.ActiveCfg = Release|Any CPU
		{0D89864A-44CE-4D1F-8C8A-BFF3A39E841F}.Release|Any CPU.Build.0 = Release|Any CPU
		{34F60CF4-1A39-41C4-92C8-B51AB4920741}.Debug|Any CPU.ActiveCfg = Debug|Any CPU
		{34F60CF4-1A39-41C4-92C8-B51AB4920741}.Debug|Any CPU.Build.0 = Debug|Any CPU
		{34F60CF4-1A39-41C4-92C8-B51AB4920741}.Release|Any CPU.ActiveCfg = Release|Any CPU
		{34F60CF4-1A39-41C4-92C8-B51AB4920741}.Release|Any CPU.Build.0 = Release|Any CPU
		{3E23AB3C-5024-4CE1-BAA5-7D94DCEEC062}.Debug|Any CPU.ActiveCfg = Debug|Any CPU
		{3E23AB3C-5024-4CE1-BAA5-7D94DCEEC062}.Debug|Any CPU.Build.0 = Debug|Any CPU
		{3E23AB3C-5024-4CE1-BAA5-7D94DCEEC062}.Release|Any CPU.ActiveCfg = Release|Any CPU
		{3E23AB3C-5024-4CE1-BAA5-7D94DCEEC062}.Release|Any CPU.Build.0 = Release|Any CPU
		{C4073C16-5177-4DCE-A356-0A5AF946E3E8}.Debug|Any CPU.ActiveCfg = Debug|Any CPU
		{C4073C16-5177-4DCE-A356-0A5AF946E3E8}.Debug|Any CPU.Build.0 = Debug|Any CPU
		{C4073C16-5177-4DCE-A356-0A5AF946E3E8}.Release|Any CPU.ActiveCfg = Release|Any CPU
		{C4073C16-5177-4DCE-A356-0A5AF946E3E8}.Release|Any CPU.Build.0 = Release|Any CPU
	EndGlobalSection
	GlobalSection(SolutionProperties) = preSolution
		HideSolutionNode = FALSE
	EndGlobalSection
	GlobalSection(ExtensibilityGlobals) = postSolution
		SolutionGuid = {A05F0E92-4F80-4CD8-BC14-B7CA40538C8B}
	EndGlobalSection
EndGlobal
